{
  "nodes": {
    "nixpkgs": {
      "locked": {
        "lastModified": 1731295185,
        "narHash": "sha256-RaK3jMQ6X8FVESUSURB2An9FYmCfh3nEy8sUyxc/nJk=",
        "owner": "nixos",
        "repo": "nixpkgs",
        "rev": "87e3803821210c537acfce075adf5cd030e963b3",
        "type": "github"
      },
      "original": {
        "owner": "nixos",
        "repo": "nixpkgs",
        "type": "github"
      }
    },
    "root": {
      "inputs": {
        "nixpkgs": "nixpkgs"
      }
    }
  },
  "root": "root",
  "version": 7
}
